
Microsoft Visual Studio Solution File, Format Version 12.00
# Visual Studio 15
VisualStudioVersion = 15.0.28307.1321
MinimumVisualStudioVersion = 10.0.40219.1
Project("{FAE04EC0-301F-11D3-BF4B-00C04F79EFBC}") = "WpfVLCVidepLanPOC", "WpfVLCVidepLanPOC.csproj", "{56749F35-24C2-4560-82DA-918A4617C570}"
EndProject
Global
	GlobalSection(SolutionConfigurationPlatforms) = preSolution
		Debug|Any CPU = Debug|Any CPU
		Debug|x64 = Debug|x64
		Debug|x86 = Debug|x86
		Release|Any CPU = Release|Any CPU
		Release|x64 = Release|x64
		Release|x86 = Release|x86
	EndGlobalSection
	GlobalSection(ProjectConfigurationPlatforms) = postSolution
		{56749F35-24C2-4560-82DA-918A4617C570}.Debug|Any CPU.ActiveCfg = Debug|Any CPU
		{56749F35-24C2-4560-82DA-918A4617C570}.Debug|Any CPU.Build.0 = Debug|Any CPU
		{56749F35-24C2-4560-82DA-918A4617C570}.Debug|x64.ActiveCfg = Debug|x64
		{56749F35-24C2-4560-82DA-918A4617C570}.Debug|x64.Build.0 = Debug|x64
		{56749F35-24C2-4560-82DA-918A4617C570}.Debug|x86.ActiveCfg = Debug|x86
		{56749F35-24C2-4560-82DA-918A4617C570}.Debug|x86.Build.0 = Debug|x86
		{56749F35-24C2-4560-82DA-918A4617C570}.Release|Any CPU.ActiveCfg = Release|Any CPU
		{56749F35-24C2-4560-82DA-918A4617C570}.Release|Any CPU.Build.0 = Release|Any CPU
		{56749F35-24C2-4560-82DA-918A4617C570}.Release|x64.ActiveCfg = Release|x64
		{56749F35-24C2-4560-82DA-918A4617C570}.Release|x64.Build.0 = Release|x64
		{56749F35-24C2-4560-82DA-918A4617C570}.Release|x86.ActiveCfg = Release|x86
		{56749F35-24C2-4560-82DA-918A4617C570}.Release|x86.Build.0 = Release|x86
	EndGlobalSection
	GlobalSection(SolutionProperties) = preSolution
		HideSolutionNode = FALSE
	EndGlobalSection
	GlobalSection(ExtensibilityGlobals) = postSolution
		SolutionGuid = {CF3B0B56-907C-4DC4-88D4-4190165E2E22}
	EndGlobalSection
EndGlobal
